
Microsoft Visual Studio Solution File, Format Version 12.00
# Visual Studio Version 17
VisualStudioVersion = 17.1.32203.90
MinimumVisualStudioVersion = 10.0.40219.1
Project("{9A19103F-16F7-4668-BE54-9A1E7A4F7556}") = "Heap sort", "Heap sort\Heap sort.csproj", "{5B6DE923-901A-47DD-8970-AFDAF1C49114}"
EndProject
Project("{FAE04EC0-301F-11D3-BF4B-00C04F79EFBC}") = "ClassLibrary1", "ClassLibrary1\ClassLibrary1.csproj", "{FB90EB2B-7B83-448F-88BB-D01DEDF52BC8}"
EndProject
Global
	GlobalSection(SolutionConfigurationPlatforms) = preSolution
		Debug|Any CPU = Debug|Any CPU
		Release|Any CPU = Release|Any CPU
	EndGlobalSection
	GlobalSection(ProjectConfigurationPlatforms) = postSolution
		{5B6DE923-901A-47DD-8970-AFDAF1C49114}.Debug|Any CPU.ActiveCfg = Debug|Any CPU
		{5B6DE923-901A-47DD-8970-AFDAF1C49114}.Debug|Any CPU.Build.0 = Debug|Any CPU
		{5B6DE923-901A-47DD-8970-AFDAF1C49114}.Release|Any CPU.ActiveCfg = Release|Any CPU
		{5B6DE923-901A-47DD-8970-AFDAF1C49114}.Release|Any CPU.Build.0 = Release|Any CPU
		{FB90EB2B-7B83-448F-88BB-D01DEDF52BC8}.Debug|Any CPU.ActiveCfg = Debug|Any CPU
		{FB90EB2B-7B83-448F-88BB-D01DEDF52BC8}.Debug|Any CPU.Build.0 = Debug|Any CPU
		{FB90EB2B-7B83-448F-88BB-D01DEDF52BC8}.Release|Any CPU.ActiveCfg = Release|Any CPU
		{FB90EB2B-7B83-448F-88BB-D01DEDF52BC8}.Release|Any CPU.Build.0 = Release|Any CPU
	EndGlobalSection
	GlobalSection(SolutionProperties) = preSolution
		HideSolutionNode = FALSE
	EndGlobalSection
	GlobalSection(ExtensibilityGlobals) = postSolution
		SolutionGuid = {2E13AA3D-85D3-4D1E-BF43-EAC72ED5BD1B}
	EndGlobalSection
EndGlobal
